{
  "name": "ArtVagabon",
  "lockfileVersion": 3,
  "requires": true,
  "packages": {
    "": {
      "devDependencies": {
        "@storybook/addon-viewport": "^9.0.8"
      }
    },
    "node_modules/@storybook/addon-viewport": {
      "version": "9.0.8",
      "resolved": "https://registry.npmjs.org/@storybook/addon-viewport/-/addon-viewport-9.0.8.tgz",
      "integrity": "sha512-HgIFDzNXvMx0zQBM5mhwBoAJlrF9KRlxNCZnJbqrFLCJO4Ps2PMtB0HRGHcg0gm3RLcqyps0DpiF7wll3udb7Q==",
      "dev": true,
      "license": "MIT",
      "funding": {
        "type": "opencollective",
        "url": "https://opencollective.com/storybook"
      }
    }
  }
}
